
Microsoft Visual Studio Solution File, Format Version 12.00
Project("{FAE04EC0-301F-11D3-BF4B-00C04F79EFBC}") = "KcpSharp", "KcpSharp\KcpSharp.csproj", "{76AD97B8-44BC-4B15-A54E-967287F59C73}"
EndProject
Project("{FAE04EC0-301F-11D3-BF4B-00C04F79EFBC}") = "KcpTestClient", "KcpTestClient\KcpTestClient.csproj", "{C5306A4C-0E85-4038-AAF3-967E80A54C69}"
EndProject
Project("{FAE04EC0-301F-11D3-BF4B-00C04F79EFBC}") = "KcpTestServer", "KcpTestServer\KcpTestServer.csproj", "{F49DB9C7-CF13-4238-820F-A2688D8EEDA2}"
EndProject
Global
	GlobalSection(SolutionConfigurationPlatforms) = preSolution
		Debug|Any CPU = Debug|Any CPU
		Release|Any CPU = Release|Any CPU
	EndGlobalSection
	GlobalSection(ProjectConfigurationPlatforms) = postSolution
		{76AD97B8-44BC-4B15-A54E-967287F59C73}.Debug|Any CPU.ActiveCfg = Debug|Any CPU
		{76AD97B8-44BC-4B15-A54E-967287F59C73}.Debug|Any CPU.Build.0 = Debug|Any CPU
		{76AD97B8-44BC-4B15-A54E-967287F59C73}.Release|Any CPU.ActiveCfg = Release|Any CPU
		{76AD97B8-44BC-4B15-A54E-967287F59C73}.Release|Any CPU.Build.0 = Release|Any CPU
		{C5306A4C-0E85-4038-AAF3-967E80A54C69}.Debug|Any CPU.ActiveCfg = Debug|Any CPU
		{C5306A4C-0E85-4038-AAF3-967E80A54C69}.Debug|Any CPU.Build.0 = Debug|Any CPU
		{C5306A4C-0E85-4038-AAF3-967E80A54C69}.Release|Any CPU.ActiveCfg = Release|Any CPU
		{C5306A4C-0E85-4038-AAF3-967E80A54C69}.Release|Any CPU.Build.0 = Release|Any CPU
		{F49DB9C7-CF13-4238-820F-A2688D8EEDA2}.Debug|Any CPU.ActiveCfg = Debug|Any CPU
		{F49DB9C7-CF13-4238-820F-A2688D8EEDA2}.Debug|Any CPU.Build.0 = Debug|Any CPU
		{F49DB9C7-CF13-4238-820F-A2688D8EEDA2}.Release|Any CPU.ActiveCfg = Release|Any CPU
		{F49DB9C7-CF13-4238-820F-A2688D8EEDA2}.Release|Any CPU.Build.0 = Release|Any CPU
	EndGlobalSection
EndGlobal
